
Microsoft Visual Studio Solution File, Format Version 12.00
# Visual Studio Version 17
VisualStudioVersion = 17.2.32630.192
MinimumVisualStudioVersion = 10.0.40219.1
Project("{2150E333-8FDC-42A3-9474-1A3956D46DE8}") = "Solution Items", "Solution Items", "{9445A89C-4010-466A-97C7-920B2AED7DD6}"
	ProjectSection(SolutionItems) = preProject
		.editorconfig = .editorconfig
		..\.github\workflows\nuget.yml = ..\.github\workflows\nuget.yml
		Directory.Build.props = Directory.Build.props
		..\README.md = ..\README.md
		version.props = version.props
	EndProjectSection
EndProject
Project("{9A19103F-16F7-4668-BE54-9A1E7A4F7556}") = "Likvido.Test.Api", "Likvido.Test.Api\Likvido.Test.Api.csproj", "{579EF172-AD10-4C66-B7F8-8832B0AA2596}"
EndProject
Global
	GlobalSection(SolutionConfigurationPlatforms) = preSolution
		Debug|Any CPU = Debug|Any CPU
		Release|Any CPU = Release|Any CPU
	EndGlobalSection
	GlobalSection(ProjectConfigurationPlatforms) = postSolution
		{579EF172-AD10-4C66-B7F8-8832B0AA2596}.Debug|Any CPU.ActiveCfg = Debug|Any CPU
		{579EF172-AD10-4C66-B7F8-8832B0AA2596}.Debug|Any CPU.Build.0 = Debug|Any CPU
		{579EF172-AD10-4C66-B7F8-8832B0AA2596}.Release|Any CPU.ActiveCfg = Release|Any CPU
		{579EF172-AD10-4C66-B7F8-8832B0AA2596}.Release|Any CPU.Build.0 = Release|Any CPU
	EndGlobalSection
	GlobalSection(SolutionProperties) = preSolution
		HideSolutionNode = FALSE
	EndGlobalSection
	GlobalSection(ExtensibilityGlobals) = postSolution
		SolutionGuid = {782A49EA-D057-4939-829A-EB8996AD4932}
	EndGlobalSection
EndGlobal
